version = 1
revision = 3
requires-python = ">=3.14"

[[package]]
name = "colorama"
version = "0.4.6"
source = { registry = "https://pypi.org/simple" }
sdist = { url = "https://files.pythonhosted.org/packages/d8/53/6f443c9a4a8358a93a6792e2acffb9d9d5cb0a5cfd8802644b7b1c9a02e4/colorama-0.4.6.tar.gz", hash = "sha256:08695f5cb7ed6e0531a20572697297273c47b8cae5a63ffc6d6ed5c201be6e44", size = 27697, upload-time = "2022-10-25T02:36:22.414Z" }
wheels = [
    { url = "https://files.pythonhosted.org/packages/d1/d6/3965ed04c63042e047cb6a3e6ed1a63a35087b6a609aa3a15ed8ac56c221/colorama-0.4.6-py2.py3-none-any.whl", hash = "sha256:4f1d9991f5acc0ca119f9d443620b77f9d6b33703e51011c16baf57afb285fc6", size = 25335, upload-time = "2022-10-25T02:36:20.889Z" },
]

[[package]]
name = "frozendict"
version = "2.4.7"
source = { registry = "https://pypi.org/simple" }
sdist = { url = "https://files.pythonhosted.org/packages/90/b2/2a3d1374b7780999d3184e171e25439a8358c47b481f68be883c14086b4c/frozendict-2.4.7.tar.gz", hash = "sha256:e478fb2a1391a56c8a6e10cc97c4a9002b410ecd1ac28c18d780661762e271bd", size = 317082, upload-time = "2025-11-11T22:40:14.251Z" }
wheels = [
    { url = "https://files.pythonhosted.org/packages/38/74/f94141b38a51a553efef7f510fc213894161ae49b88bffd037f8d2a7cb2f/frozendict-2.4.7-py3-none-any.whl", hash = "sha256:972af65924ea25cf5b4d9326d549e69a9a4918d8a76a9d3a7cd174d98b237550", size = 16264, upload-time = "2025-11-11T22:40:12.836Z" },
]

[[package]]
name = "iniconfig"
version = "2.3.0"
source = { registry = "https://pypi.org/simple" }
sdist = { url = "https://files.pythonhosted.org/packages/72/34/14ca021ce8e5dfedc35312d08ba8bf51fdd999c576889fc2c24cb97f4f10/iniconfig-2.3.0.tar.gz", hash = "sha256:c76315c77db068650d49c5b56314774a7804df16fee4402c1f19d6d15d8c4730", size = 20503, upload-time = "2025-10-18T21:55:43.219Z" }
wheels = [
    { url = "https://files.pythonhosted.org/packages/cb/b1/3846dd7f199d53cb17f49cba7e651e9ce294d8497c8c150530ed11865bb8/iniconfig-2.3.0-py3-none-any.whl", hash = "sha256:f631c04d2c48c52b84d0d0549c99ff3859c98df65b3101406327ecc7d53fbf12", size = 7484, upload-time = "2025-10-18T21:55:41.639Z" },
]

[[package]]
name = "lark"
version = "1.3.1"
source = { registry = "https://pypi.org/simple" }
sdist = { url = "https://files.pythonhosted.org/packages/da/34/28fff3ab31ccff1fd4f6c7c7b0ceb2b6968d8ea4950663eadcb5720591a0/lark-1.3.1.tar.gz", hash = "sha256:b426a7a6d6d53189d318f2b6236ab5d6429eaf09259f1ca33eb716eed10d2905", size = 382732, upload-time = "2025-10-27T18:25:56.653Z" }
wheels = [
    { url = "https://files.pythonhosted.org/packages/82/3d/14ce75ef66813643812f3093ab17e46d3a206942ce7376d31ec2d36229e7/lark-1.3.1-py3-none-any.whl", hash = "sha256:c629b661023a014c37da873b4ff58a817398d12635d3bbb2c5a03be7fe5d1e12", size = 113151, upload-time = "2025-10-27T18:25:54.882Z" },
]

[[package]]
name = "mushroom"
source = { virtual = "." }
dependencies = [
    { name = "frozendict" },
    { name = "lark" },
    { name = "tomli" },
    { name = "websockets" },
]

[package.dev-dependencies]
dev = [
    { name = "pytest" },
    { name = "ruff" },
]

[package.metadata]
requires-dist = [
    { name = "frozendict", specifier = ">=2.4.7" },
    { name = "lark" },
    { name = "tomli" },
    { name = "websockets" },
]

[package.metadata.requires-dev]
dev = [
    { name = "pytest", specifier = ">=9.1.1" },
    { name = "ruff", specifier = ">=0.16.1" },
]

[[package]]
name = "packaging"
version = "26.2"
source = { registry = "https://pypi.org/simple" }
sdist = { url = "https://files.pythonhosted.org/packages/d7/f1/e7a6dd94a8d4a5626c03e4e99c87f241ba9e350cd9e6d75123f992427270/packaging-26.2.tar.gz", hash = "sha256:ff452ff5a3e828ce110190feff1178bb1f2ea2281fa2075aadb987c2fb221661", size = 228134, upload-time = "2026-04-24T20:15:23.917Z" }
wheels = [
    { url = "https://files.pythonhosted.org/packages/df/b2/87e62e8c3e2f4b32e5fe99e0b86d576da1312593b39f47d8ceef365e95ed/packaging-26.2-py3-none-any.whl", hash = "sha256:5fc45236b9446107ff2415ce77c807cee2862cb6fac22b8a73826d0693b0980e", size = 100195, upload-time = "2026-04-24T20:15:22.081Z" },
]

[[package]]
name = "pluggy"
version = "1.6.0"
source = { registry = "https://pypi.org/simple" }
sdist = { url = "https://files.pythonhosted.org/packages/f9/e2/3e91f31a7d2b083fe6ef3fa267035b518369d9511ffab804f839851d2779/pluggy-1.6.0.tar.gz", hash = "sha256:7dcc130b76258d33b90f61b658791dede3486c3e6bfb003ee5c9bfb396dd22f3", size = 69412, upload-time = "2025-05-15T12:30:07.975Z" }
wheels = [
    { url = "https://files.pythonhosted.org/packages/54/20/4d324d65cc6d9205fabedc306948156824eb9f0ee1633355a8f7ec5c66bf/pluggy-1.6.0-py3-none-any.whl", hash = "sha256:e920276dd6813095e9377c0bc5566d94c932c33b27a3e3945d8389c374dd4746", size = 20538, upload-time = "2025-05-15T12:30:06.134Z" },
]

[[package]]
name = "pygments"
version = "2.20.0"
source = { registry = "https://pypi.org/simple" }
sdist = { url = "https://files.pythonhosted.org/packages/c3/b2/bc9c9196916376152d655522fdcebac55e66de6603a76a02bca1b6414f6c/pygments-2.20.0.tar.gz", hash = "sha256:6757cd03768053ff99f3039c1a36d6c0aa0b263438fcab17520b30a303a82b5f", size = 4955991, upload-time = "2026-03-29T13:29:33.898Z" }
wheels = [
    { url = "https://files.pythonhosted.org/packages/f4/7e/a72dd26f3b0f4f2bf1dd8923c85f7ceb43172af56d63c7383eb62b332364/pygments-2.20.0-py3-none-any.whl", hash = "sha256:81a9e26dd42fd28a23a2d169d86d7ac03b46e2f8b59ed4698fb4785f946d0176", size = 1231151, upload-time = "2026-03-29T13:29:30.038Z" },
]

[[package]]
name = "pytest"
version = "9.1.1"
source = { registry = "https://pypi.org/simple" }
dependencies = [
    { name = "colorama", marker = "sys_platform == 'win32'" },
    { name = "iniconfig" },
    { name = "packaging" },
    { name = "pluggy" },
    { name = "pygments" },
]
sdist = { url = "https://files.pythonhosted.org/packages/e4/47/b9efed96c114afcfa3c9d3fe98a76a1d14c74a9e266d397cf6eb64be5e01/pytest-9.1.1.tar.gz", hash = "sha256:1088fbde8f2b49d95a549a195707afa7a76a3ce9bcadc26b6d71f0ffda5fe313", size = 1636369, upload-time = "2026-06-19T10:58:32.857Z" }
wheels = [
    { url = "https://files.pythonhosted.org/packages/24/25/1de2678b631f5a49215c6c96fff41ba892b0a34df68d6d80292b1b48aa7f/pytest-9.1.1-py3-none-any.whl", hash = "sha256:37a86b45efb9a47a61a36449063e8e18d0cab3161329fc099eb21783169c4f0c", size = 386536, upload-time = "2026-06-19T10:58:31.347Z" },
]

[[package]]
name = "ruff"
version = "0.16.1"
source = { registry = "https://pypi.org/simple" }
sdist = { url = "https://files.pythonhosted.org/packages/70/25/7113f6d5498888c5fb7db34081cba7d5971c4cb1bfb26819966eee68f003/ruff-0.16.1.tar.gz", hash = "sha256:fedad7c801dabd3fb9741d76aca39246e6ddd9ca446a015875207bf19f1e6bc7", size = 4877500, upload-time = "2026-07-30T19:37:01.379Z" }
wheels = [
    { url = "https://files.pythonhosted.org/packages/1b/bd/694da69368e0973de65df2ddc73ab18d43c469d5963d9b150911de6bc513/ruff-0.16.1-py3-none-linux_armv6l.whl", hash = "sha256:58edb313b88f0c5460a26adf5f39a37a3be789494a15e3e411e35fa78b89f9a0", size = 10839126, upload-time = "2026-07-30T19:36:13.697Z" },
    { url = "https://files.pythonhosted.org/packages/3f/f0/b626e5d5bd0dd9576263658ef12885e2288afd1029a48e26ffed65ec1ac1/ruff-0.16.1-py3-none-macosx_10_12_x86_64.whl", hash = "sha256:fde5a99e2f97479af66edd6622c6d5a2a7592c77cf4153d9e4428f5eeb55b60c", size = 11070253, upload-time = "2026-07-30T19:36:17.14Z" },
    { url = "https://files.pythonhosted.org/packages/83/63/f40acfb6b35b88623e71684942b552c3edd96035f5d98f313815f7b277de/ruff-0.16.1-py3-none-macosx_11_0_arm64.whl", hash = "sha256:e0d4c20532fca4f7fa609369161d968dd28f65d83dabbd61d8e9c7edbf7001f6", size = 10561425, upload-time = "2026-07-30T19:36:20.04Z" },
    { url = "https://files.pythonhosted.org/packages/aa/dd/14ec0e9c2b4d315547dd38765004b4863e354e1b52cb308272215d9f6f6d/ruff-0.16.1-py3-none-manylinux_2_17_aarch64.manylinux2014_aarch64.whl", hash = "sha256:30affbcedf59ad5703d9c91f82266e02b47739f797e1a7b6e158e5526a6dae38", size = 10948879, upload-time = "2026-07-30T19:36:22.476Z" },
    { url = "https://files.pythonhosted.org/packages/33/e9/9d870cbae575030fdef595f04b4b97573c525b5497cce4f4498cf2f85446/ruff-0.16.1-py3-none-manylinux_2_17_armv7l.manylinux2014_armv7l.whl", hash = "sha256:24e9c631573cbca9d20f1283f8f479b2afa4a8503504822bd71a293889f16743", size = 10643691, upload-time = "2026-07-30T19:36:24.914Z" },
    { url = "https://files.pythonhosted.org/packages/c4/09/12743d544e2173f53ecd27217c65f90d2bc0f8424a66a60339e56bbc0457/ruff-0.16.1-py3-none-manylinux_2_17_i686.manylinux2014_i686.whl", hash = "sha256:b41bdd48fb420987a9b5212e4957c26ad4abce401fa9ea9d4d85843727945f4f", size = 11435354, upload-time = "2026-07-30T19:36:28.447Z" },
    { url = "https://files.pythonhosted.org/packages/7f/89/a1652b2daee52083c9554a6333b678a8b01d0400f976827bb87857f9449a/ruff-0.16.1-py3-none-manylinux_2_17_ppc64le.manylinux2014_ppc64le.whl", hash = "sha256:b0d1e1393b7648079e13669de1c1f4fde06d4583e84d8fd5c1551e0a77a2aa75", size = 12259033, upload-time = "2026-07-30T19:36:31.326Z" },
    { url = "https://files.pythonhosted.org/packages/16/96/ecdcb8c54ee7b123b487f807eb014e6e019155a0b81dfb669acd52f28ce3/ruff-0.16.1-py3-none-manylinux_2_17_s390x.manylinux2014_s390x.whl", hash = "sha256:07bf434b1c95f4e093be4532068ef4fcf00924eb2ade8796075980902d6fd54a", size = 11667981, upload-time = "2026-07-30T19:36:34.394Z" },
    { url = "https://files.pythonhosted.org/packages/cd/90/c52e12e0d862e9572f2a33aa227409143520abe53111e9a6babbac7b4af8/ruff-0.16.1-py3-none-manylinux_2_17_x86_64.manylinux2014_x86_64.whl", hash = "sha256:39897739f112253ee4fdd2e8aa9a4f9ded99fb2be367d5f31dfa4ded6025584c", size = 11468183, upload-time = "2026-07-30T19:36:37.339Z" },
    { url = "https://files.pythonhosted.org/packages/2c/6b/4ffb7ad1d83eb16cf8cbb3c8815d3f11c88460fd162d4b372a2059be1c2a/ruff-0.16.1-py3-none-manylinux_2_31_riscv64.whl", hash = "sha256:82ae3c0c0d74daf17b968a10b7b3bb3ef297ab7de0c1f749646b25e690ccb150", size = 11470071, upload-time = "2026-07-30T19:36:39.91Z" },
    { url = "https://files.pythonhosted.org/packages/9c/72/32ae7db4c0b5e32ab611787caa19d1546800676d79f7483b7100a3561bf4/ruff-0.16.1-py3-none-musllinux_1_2_aarch64.whl", hash = "sha256:4d5f2ed10f8242d83fc08d521301089364e3375375705356f20c0e31606ef3ef", size = 10919503, upload-time = "2026-07-30T19:36:42.65Z" },
    { url = "https://files.pythonhosted.org/packages/f7/ca/3d901ba6ad6fc38da39c3448fc6c59ac945679293a17c3ceb6d6c1cba13e/ruff-0.16.1-py3-none-musllinux_1_2_armv7l.whl", hash = "sha256:a4665b309891f83f3e3c25447935f1213e9abbd4b5640af7a1f2def9f8d413c1", size = 10649861, upload-time = "2026-07-30T19:36:45.18Z" },
    { url = "https://files.pythonhosted.org/packages/92/79/894ef1ced26552d5f8c9cf6d85b0687840e1128c55aeab7b9c2d54a0d880/ruff-0.16.1-py3-none-musllinux_1_2_i686.whl", hash = "sha256:26e9ca5c9bc3971f20d3cf18a957f52ffd6a5f6564ff15c4912a144dcac22494", size = 11148137, upload-time = "2026-07-30T19:36:47.936Z" },
    { url = "https://files.pythonhosted.org/packages/2d/69/3609a09fa1cb46cc28b762363e440a354204e5dff01bd0c8d7437874d6b9/ruff-0.16.1-py3-none-musllinux_1_2_x86_64.whl", hash = "sha256:67e1e1e3fa4f0c82f0e36d4cd61e661f6e7a6196cb1aa92fe0828fa7b8f257cd", size = 11559211, upload-time = "2026-07-30T19:36:50.448Z" },
    { url = "https://files.pythonhosted.org/packages/fc/8a/fb22af2fd78a736e241fabf67e30ce1799a64244026377a49e133af90762/ruff-0.16.1-py3-none-win32.whl", hash = "sha256:d31765e131295b8445caf301e3e8a85b34d1b9b211b4109b7ba457888b051806", size = 10838258, upload-time = "2026-07-30T19:36:53.298Z" },
    { url = "https://files.pythonhosted.org/packages/d4/35/e57fd9fb5d423961df087a00b12d42c0a830288dc2f3b45ecca299158b4f/ruff-0.16.1-py3-none-win_amd64.whl", hash = "sha256:09b05e8b90c2cb06ad63464350e7a45e8e44a2dfe52072ebfba6666ca8d3f596", size = 11961111, upload-time = "2026-07-30T19:36:56.107Z" },
    { url = "https://files.pythonhosted.org/packages/cb/46/240ea004bf6dc4feb40e9832f2205a476a47dd5b8a3f8211a5fc5f95e20e/ruff-0.16.1-py3-none-win_arm64.whl", hash = "sha256:dbaadaac38c70239f056d306b7476f246b0bf000fa6b3876402acbf5b227eaf8", size = 11309414, upload-time = "2026-07-30T19:36:58.79Z" },
]

[[package]]
name = "tomli"
version = "2.4.1"
source = { registry = "https://pypi.org/simple" }
sdist = { url = "https://files.pythonhosted.org/packages/22/de/48c59722572767841493b26183a0d1cc411d54fd759c5607c4590b6563a6/tomli-2.4.1.tar.gz", hash = "sha256:7c7e1a961a0b2f2472c1ac5b69affa0ae1132c39adcb67aba98568702b9cc23f", size = 17543, upload-time = "2026-03-25T20:22:03.828Z" }
wheels = [
    { url = "https://files.pythonhosted.org/packages/3c/fb/9a5c8d27dbab540869f7c1f8eb0abb3244189ce780ba9cd73f3770662072/tomli-2.4.1-cp314-cp314-macosx_10_15_x86_64.whl", hash = "sha256:fd0409a3653af6c147209d267a0e4243f0ae46b011aa978b1080359fddc9b6cf", size = 155726, upload-time = "2026-03-25T20:21:42.23Z" },
    { url = "https://files.pythonhosted.org/packages/62/05/d2f816630cc771ad836af54f5001f47a6f611d2d39535364f148b6a92d6b/tomli-2.4.1-cp314-cp314-macosx_11_0_arm64.whl", hash = "sha256:a120733b01c45e9a0c34aeef92bf0cf1d56cfe81ed9d47d562f9ed591a9828ac", size = 149859, upload-time = "2026-03-25T20:21:43.386Z" },
    { url = "https://files.pythonhosted.org/packages/ce/48/66341bdb858ad9bd0ceab5a86f90eddab127cf8b046418009f2125630ecb/tomli-2.4.1-cp314-cp314-manylinux2014_aarch64.manylinux_2_17_aarch64.manylinux_2_28_aarch64.whl", hash = "sha256:559db847dc486944896521f68d8190be1c9e719fced785720d2216fe7022b662", size = 244713, upload-time = "2026-03-25T20:21:44.474Z" },
    { url = "https://files.pythonhosted.org/packages/df/6d/c5fad00d82b3c7a3ab6189bd4b10e60466f22cfe8a08a9394185c8a8111c/tomli-2.4.1-cp314-cp314-manylinux2014_x86_64.manylinux_2_17_x86_64.manylinux_2_28_x86_64.whl", hash = "sha256:01f520d4f53ef97964a240a035ec2a869fe1a37dde002b57ebc4417a27ccd853", size = 252084, upload-time = "2026-03-25T20:21:45.62Z" },
    { url = "https://files.pythonhosted.org/packages/00/71/3a69e86f3eafe8c7a59d008d245888051005bd657760e96d5fbfb0b740c2/tomli-2.4.1-cp314-cp314-musllinux_1_2_aarch64.whl", hash = "sha256:7f94b27a62cfad8496c8d2513e1a222dd446f095fca8987fceef261225538a15", size = 247973, upload-time = "2026-03-25T20:21:46.937Z" },
    { url = "https://files.pythonhosted.org/packages/67/50/361e986652847fec4bd5e4a0208752fbe64689c603c7ae5ea7cb16b1c0ca/tomli-2.4.1-cp314-cp314-musllinux_1_2_x86_64.whl", hash = "sha256:ede3e6487c5ef5d28634ba3f31f989030ad6af71edfb0055cbbd14189ff240ba", size = 256223, upload-time = "2026-03-25T20:21:48.467Z" },
    { url = "https://files.pythonhosted.org/packages/8c/9a/b4173689a9203472e5467217e0154b00e260621caa227b6fa01feab16998/tomli-2.4.1-cp314-cp314-win32.whl", hash = "sha256:3d48a93ee1c9b79c04bb38772ee1b64dcf18ff43085896ea460ca8dec96f35f6", size = 98973, upload-time = "2026-03-25T20:21:49.526Z" },
    { url = "https://files.pythonhosted.org/packages/14/58/640ac93bf230cd27d002462c9af0d837779f8773bc03dee06b5835208214/tomli-2.4.1-cp314-cp314-win_amd64.whl", hash = "sha256:88dceee75c2c63af144e456745e10101eb67361050196b0b6af5d717254dddf7", size = 109082, upload-time = "2026-03-25T20:21:50.506Z" },
    { url = "https://files.pythonhosted.org/packages/d5/2f/702d5e05b227401c1068f0d386d79a589bb12bf64c3d2c72ce0631e3bc49/tomli-2.4.1-cp314-cp314-win_arm64.whl", hash = "sha256:b8c198f8c1805dc42708689ed6864951fd2494f924149d3e4bce7710f8eb5232", size = 96490, upload-time = "2026-03-25T20:21:51.474Z" },
    { url = "https://files.pythonhosted.org/packages/45/4b/b877b05c8ba62927d9865dd980e34a755de541eb65fffba52b4cc495d4d2/tomli-2.4.1-cp314-cp314t-macosx_10_15_x86_64.whl", hash = "sha256:d4d8fe59808a54658fcc0160ecfb1b30f9089906c50b23bcb4c69eddc19ec2b4", size = 164263, upload-time = "2026-03-25T20:21:52.543Z" },
    { url = "https://files.pythonhosted.org/packages/24/79/6ab420d37a270b89f7195dec5448f79400d9e9c1826df982f3f8e97b24fd/tomli-2.4.1-cp314-cp314t-macosx_11_0_arm64.whl", hash = "sha256:7008df2e7655c495dd12d2a4ad038ff878d4ca4b81fccaf82b714e07eae4402c", size = 160736, upload-time = "2026-03-25T20:21:53.674Z" },
    { url = "https://files.pythonhosted.org/packages/02/e0/3630057d8eb170310785723ed5adcdfb7d50cb7e6455f85ba8a3deed642b/tomli-2.4.1-cp314-cp314t-manylinux2014_aarch64.manylinux_2_17_aarch64.manylinux_2_28_aarch64.whl", hash = "sha256:1d8591993e228b0c930c4bb0db464bdad97b3289fb981255d6c9a41aedc84b2d", size = 270717, upload-time = "2026-03-25T20:21:55.129Z" },
    { url = "https://files.pythonhosted.org/packages/7a/b4/1613716072e544d1a7891f548d8f9ec6ce2faf42ca65acae01d76ea06bb0/tomli-2.4.1-cp314-cp314t-manylinux2014_x86_64.manylinux_2_17_x86_64.manylinux_2_28_x86_64.whl", hash = "sha256:734e20b57ba95624ecf1841e72b53f6e186355e216e5412de414e3c51e5e3c41", size = 278461, upload-time = "2026-03-25T20:21:56.228Z" },
    { url = "https://files.pythonhosted.org/packages/05/38/30f541baf6a3f6df77b3df16b01ba319221389e2da59427e221ef417ac0c/tomli-2.4.1-cp314-cp314t-musllinux_1_2_aarch64.whl", hash = "sha256:8a650c2dbafa08d42e51ba0b62740dae4ecb9338eefa093aa5c78ceb546fcd5c", size = 274855, upload-time = "2026-03-25T20:21:57.653Z" },
    { url = "https://files.pythonhosted.org/packages/77/a3/ec9dd4fd2c38e98de34223b995a3b34813e6bdadf86c75314c928350ed14/tomli-2.4.1-cp314-cp314t-musllinux_1_2_x86_64.whl", hash = "sha256:504aa796fe0569bb43171066009ead363de03675276d2d121ac1a4572397870f", size = 283144, upload-time = "2026-03-25T20:21:59.089Z" },
    { url = "https://files.pythonhosted.org/packages/ef/be/605a6261cac79fba2ec0c9827e986e00323a1945700969b8ee0b30d85453/tomli-2.4.1-cp314-cp314t-win32.whl", hash = "sha256:b1d22e6e9387bf4739fbe23bfa80e93f6b0373a7f1b96c6227c32bef95a4d7a8", size = 108683, upload-time = "2026-03-25T20:22:00.214Z" },
    { url = "https://files.pythonhosted.org/packages/12/64/da524626d3b9cc40c168a13da8335fe1c51be12c0a63685cc6db7308daae/tomli-2.4.1-cp314-cp314t-win_amd64.whl", hash = "sha256:2c1c351919aca02858f740c6d33adea0c5deea37f9ecca1cc1ef9e884a619d26", size = 121196, upload-time = "2026-03-25T20:22:01.169Z" },
    { url = "https://files.pythonhosted.org/packages/5a/cd/e80b62269fc78fc36c9af5a6b89c835baa8af28ff5ad28c7028d60860320/tomli-2.4.1-cp314-cp314t-win_arm64.whl", hash = "sha256:eab21f45c7f66c13f2a9e0e1535309cee140182a9cdae1e041d02e47291e8396", size = 100393, upload-time = "2026-03-25T20:22:02.137Z" },
    { url = "https://files.pythonhosted.org/packages/7b/61/cceae43728b7de99d9b847560c262873a1f6c98202171fd5ed62640b494b/tomli-2.4.1-py3-none-any.whl", hash = "sha256:0d85819802132122da43cb86656f8d1f8c6587d54ae7dcaf30e90533028b49fe", size = 14583, upload-time = "2026-03-25T20:22:03.012Z" },
]

[[package]]
name = "websockets"
version = "17.0.1"
source = { registry = "https://pypi.org/simple" }
sdist = { url = "https://files.pythonhosted.org/packages/f7/96/e01084f83a64bcb3a27994bd0cb0db68ff29d9c6707fae37ec19b18ba990/websockets-17.0.1.tar.gz", hash = "sha256:5baa9bc0dfbae8c507e51c8cf1b6d4628086f7a87bbd3a9952bd5f035451f1cc", size = 183298, upload-time = "2026-07-31T11:31:27.665Z" }
wheels = [
    { url = "https://files.pythonhosted.org/packages/98/dc/cadab608924ac605647031472fb1f8792d7d4ea07565ba1899ec42028e0d/websockets-17.0.1-cp314-cp314-macosx_10_15_universal2.whl", hash = "sha256:53b90c00bc6201ab6695c7ff51a04d0e425514c37515e9eeecd2c1b978ac6c0e", size = 212640, upload-time = "2026-07-31T11:30:22.436Z" },
    { url = "https://files.pythonhosted.org/packages/16/7a/b034d13ca181211bbd58bb50835cb196a7784cd505b5a2079d4d03374f9f/websockets-17.0.1-cp314-cp314-macosx_10_15_x86_64.whl", hash = "sha256:5f33a649bfcb8312524173cc4bbafa7dbb236e18eee9aa31a1d324ca0ddda28c", size = 210332, upload-time = "2026-07-31T11:30:23.608Z" },
    { url = "https://files.pythonhosted.org/packages/2f/4d/943ede39b53744768edf1ed84a3f9401527388228a3d6c1249c02c3d6bd7/websockets-17.0.1-cp314-cp314-macosx_11_0_arm64.whl", hash = "sha256:cddc675ec31bca65473321f9a9794e488b43b3b8de5d02c8ef4810c5d5792163", size = 210546, upload-time = "2026-07-31T11:30:24.932Z" },
    { url = "https://files.pythonhosted.org/packages/cf/e3/88dc159d2ae66743c669443246243f28d873b0c5e58271b8cc1ca0440334/websockets-17.0.1-cp314-cp314-manylinux1_i686.manylinux_2_28_i686.manylinux_2_5_i686.whl", hash = "sha256:b3ff0ad440ad52dda64138f16895f66403f40192365e39b1010e889f289746b0", size = 219928, upload-time = "2026-07-31T11:30:26.221Z" },
    { url = "https://files.pythonhosted.org/packages/fe/f2/ff27eaefa15851a5cf7f004ab827a022bf2d6632cb520f89cb100db7e84b/websockets-17.0.1-cp314-cp314-manylinux1_x86_64.manylinux_2_28_x86_64.manylinux_2_5_x86_64.whl", hash = "sha256:72d7f2a5aeb4e82daa4ee18f125b4277f427033359be5c745ad709608446cc2c", size = 220279, upload-time = "2026-07-31T11:30:27.49Z" },
    { url = "https://files.pythonhosted.org/packages/19/2e/a5166149f363d2449c1cb2dde6486a245521979509d53b87a09f3e79662b/websockets-17.0.1-cp314-cp314-manylinux2014_aarch64.manylinux_2_17_aarch64.manylinux_2_28_aarch64.whl", hash = "sha256:6fd88365da261c53d3e943fb37e0d0721b9cde119f6b2e3fc84369b6ab234d63", size = 221525, upload-time = "2026-07-31T11:30:28.872Z" },
    { url = "https://files.pythonhosted.org/packages/9b/b5/f46931269b3ff3bde65d27c65ddb22f9bb8ce92ac2c6c4df0910128f6219/websockets-17.0.1-cp314-cp314-manylinux2014_armv7l.manylinux_2_17_armv7l.manylinux_2_31_armv7l.whl", hash = "sha256:ab9f962a5b64a5c3c845d556b7dc4e6fb683f7b67179f8205e814bb2e0213ffe", size = 222897, upload-time = "2026-07-31T11:30:30.164Z" },
    { url = "https://files.pythonhosted.org/packages/42/f4/deccf3439f35df953ec35e13fe07986821c5f1ab5785d69614283bdb9034/websockets-17.0.1-cp314-cp314-manylinux2014_ppc64le.manylinux_2_17_ppc64le.manylinux_2_28_ppc64le.whl", hash = "sha256:8c07f145d0b9e90cbd96035f31fb79199aef4da1872854e36ebeb258e3d57594", size = 222129, upload-time = "2026-07-31T11:30:31.489Z" },
    { url = "https://files.pythonhosted.org/packages/35/a5/e1b57a59da92ade37fd021567a17b518ea8267b28e5530075844cdb525fe/websockets-17.0.1-cp314-cp314-manylinux2014_s390x.manylinux_2_17_s390x.manylinux_2_28_s390x.whl", hash = "sha256:9f7747d3daa41a11f25f7cca5dc988fc51da97b311bed4c9d843860f79779283", size = 220875, upload-time = "2026-07-31T11:30:32.805Z" },
    { url = "https://files.pythonhosted.org/packages/f0/30/e7d0889c790a854156de424575fd67af79ddbaed9ff3157ae863dfd1c1dc/websockets-17.0.1-cp314-cp314-manylinux_2_31_riscv64.manylinux_2_39_riscv64.whl", hash = "sha256:2abb1ba0a5133b7d2ef3c1c9f4b0c1e8a101012dce0b594ab2b2888d9a64820e", size = 218160, upload-time = "2026-07-31T11:30:34.512Z" },
    { url = "https://files.pythonhosted.org/packages/09/2e/43db785d6ed9ae7594fae7b62bbc9cb4dfee2b015e06a1005f1e5ce283b6/websockets-17.0.1-cp314-cp314-musllinux_1_2_aarch64.whl", hash = "sha256:f3fd9a1f87f8f0f3f8e9f9bd0195f7516562d13f5b178db8c5784d1f60b60bed", size = 220951, upload-time = "2026-07-31T11:30:35.806Z" },
    { url = "https://files.pythonhosted.org/packages/eb/f5/4ac3cab3d5e8a830657a822f64a8910e3803229c6783e59c3fd9a3487427/websockets-17.0.1-cp314-cp314-musllinux_1_2_armv7l.whl", hash = "sha256:2bc14b481e05e331811108daa1aeb41a5e237a5564ef2f02ec5a356a0f102f78", size = 219460, upload-time = "2026-07-31T11:30:37.273Z" },
    { url = "https://files.pythonhosted.org/packages/03/0e/c3a4020673ffc17c82cf1a467835038a196a555d3b4f2a50f0f063cf8ccc/websockets-17.0.1-cp314-cp314-musllinux_1_2_i686.whl", hash = "sha256:57d2ee9b24b404ce75f3814f92073c0ed88106c950148d2427fe8d25ca254d1f", size = 220248, upload-time = "2026-07-31T11:30:38.527Z" },
    { url = "https://files.pythonhosted.org/packages/7d/87/e47a6a278cc1dfade38444c893ce18322943c25d4b780a74450d9d164be1/websockets-17.0.1-cp314-cp314-musllinux_1_2_ppc64le.whl", hash = "sha256:1b363bfd72a52c0658a3154a4cff219f15a474b35a235057d38853bf151acce7", size = 221421, upload-time = "2026-07-31T11:30:39.879Z" },
    { url = "https://files.pythonhosted.org/packages/da/8f/473d5fc4e3836e375b0233c6ef26777e6e5e3f7bfc84ccd524eae4090ed5/websockets-17.0.1-cp314-cp314-musllinux_1_2_riscv64.whl", hash = "sha256:10b1587c599fa0f2c89154587c80e0fda98ade6c9fa8c0260a2823fb1800b685", size = 218975, upload-time = "2026-07-31T11:30:41.192Z" },
    { url = "https://files.pythonhosted.org/packages/d4/b9/819ec2dcdf69031d7e9cab11247f3a6ff9bbc8c7c53ada1dbcb9055b227b/websockets-17.0.1-cp314-cp314-musllinux_1_2_s390x.whl", hash = "sha256:d7d72843691f50b91127c50688df10cb72ec6f4c4b1d7e2c11ab33b16acf8e51", size = 219925, upload-time = "2026-07-31T11:30:42.524Z" },
    { url = "https://files.pythonhosted.org/packages/85/b9/6c0da301f6118502e079cf92f4e864adf28e56b3f8c0f6085076ced7b876/websockets-17.0.1-cp314-cp314-musllinux_1_2_x86_64.whl", hash = "sha256:90973a3a00f23afdfd1c9b06fb84289bf0220f247ef8a62501a1967c7af54f7b", size = 220218, upload-time = "2026-07-31T11:30:44.04Z" },
    { url = "https://files.pythonhosted.org/packages/55/f9/cba32dc9dd856565263d6272f594255bd0e2781deb8cd982c026a54760ad/websockets-17.0.1-cp314-cp314-win32.whl", hash = "sha256:599b03beb77633bffc095334338fad79cafc2b01fbd58953838130a9ae967d7b", size = 212626, upload-time = "2026-07-31T11:30:45.579Z" },
    { url = "https://files.pythonhosted.org/packages/fa/95/91cdd8c192287d7ea741f37cf7d64fdc1a14410f06f73805e428a1a590af/websockets-17.0.1-cp314-cp314-win_amd64.whl", hash = "sha256:81ce19c6046ace11da7001781be7317bb1dc389f399af4b2ed962190f76f9add", size = 212969, upload-time = "2026-07-31T11:30:46.983Z" },
    { url = "https://files.pythonhosted.org/packages/8e/fd/8c98a1e431960661c5769ab1a4dd66494e87ab02d791cc79e51e0d9a289f/websockets-17.0.1-cp314-cp314-win_arm64.whl", hash = "sha256:efe0ae052a8d023b87198921e8a7ce1dc7768816bcd2fbc20df171ac73a04891", size = 212850, upload-time = "2026-07-31T11:30:48.304Z" },
    { url = "https://files.pythonhosted.org/packages/13/c1/142f5186ee7dc3beee0426b998a79e223e067b7689afcaa95890d64aa800/websockets-17.0.1-cp314-cp314t-macosx_10_15_universal2.whl", hash = "sha256:ab56439c9f74c52770690c7b2f616b3bf775cb3920453ee355ac765c032d8bbf", size = 212967, upload-time = "2026-07-31T11:30:49.688Z" },
    { url = "https://files.pythonhosted.org/packages/02/de/4b03ed316c9dee180365286c298219809ff247be39beeaaf9958b21167ab/websockets-17.0.1-cp314-cp314t-macosx_10_15_x86_64.whl", hash = "sha256:20a92f78ac8250984ed459faa9ca48c285adbfc0038ddc3fdac6046990a9c9ed", size = 210504, upload-time = "2026-07-31T11:30:50.987Z" },
    { url = "https://files.pythonhosted.org/packages/cd/d8/ad2b3e8f867e1e8cac3077e2f33ffb60b71bd763d6cfc71bd916f113c3bf/websockets-17.0.1-cp314-cp314t-macosx_11_0_arm64.whl", hash = "sha256:6a434e59962a4fb9016bea327e1d14d6cd67670ecfb8942b4f4a0c24036634ce", size = 210702, upload-time = "2026-07-31T11:30:52.261Z" },
    { url = "https://files.pythonhosted.org/packages/48/18/7a77a82ce9d6f831c07b176da3942f7e71acd0f115f3ecdb1d00a040eb01/websockets-17.0.1-cp314-cp314t-manylinux1_i686.manylinux_2_28_i686.manylinux_2_5_i686.whl", hash = "sha256:2503c7e2a5049a12d5dac917a46d5d52591283a766165b8176bb167560421b38", size = 220290, upload-time = "2026-07-31T11:30:53.582Z" },
    { url = "https://files.pythonhosted.org/packages/f5/af/43c3e3c3ea7ba4693c2181743f3221957df28bededadcbd9fc8a0661bde0/websockets-17.0.1-cp314-cp314t-manylinux1_x86_64.manylinux_2_28_x86_64.manylinux_2_5_x86_64.whl", hash = "sha256:28012a54510fe8301bb893ef143cec30a2780a2d3bc20b7bbdf4379d7a63945d", size = 220573, upload-time = "2026-07-31T11:30:54.966Z" },
    { url = "https://files.pythonhosted.org/packages/1f/bd/ed48eca15725743ee7e2dc172e15c61de29e85ec98dace7b14257f366836/websockets-17.0.1-cp314-cp314t-manylinux2014_aarch64.manylinux_2_17_aarch64.manylinux_2_28_aarch64.whl", hash = "sha256:22bd00f8bae2bccdb5dbe41e20f58ba44ca9fff0b4b561aaf39099c35da762ed", size = 221747, upload-time = "2026-07-31T11:30:56.762Z" },
    { url = "https://files.pythonhosted.org/packages/99/50/838deb7937a8225c4925dd4a977eafea473fabf444178a99de0bc7e92bb0/websockets-17.0.1-cp314-cp314t-manylinux2014_armv7l.manylinux_2_17_armv7l.manylinux_2_31_armv7l.whl", hash = "sha256:e98ec9ec61cce5bc4b8b218322ad090b0994eb060bb04da704c62ef0a3d864e6", size = 223891, upload-time = "2026-07-31T11:30:58.127Z" },
    { url = "https://files.pythonhosted.org/packages/f8/e9/657fb70c6eb6bcd01adfa5d2b06496e9911e1c1a8813d353b8c00f7591cd/websockets-17.0.1-cp314-cp314t-manylinux2014_ppc64le.manylinux_2_17_ppc64le.manylinux_2_28_ppc64le.whl", hash = "sha256:8e387adb0c692c6b5571bdeafc8ac9d1901ea30f10309134780b16ecd35e6605", size = 222317, upload-time = "2026-07-31T11:30:59.416Z" },
    { url = "https://files.pythonhosted.org/packages/07/4c/82cb722afa5428fed981331210c4c07600570db01bb1620579f655b5adaf/websockets-17.0.1-cp314-cp314t-manylinux2014_s390x.manylinux_2_17_s390x.manylinux_2_28_s390x.whl", hash = "sha256:bd1470d2c53fe53269bf5619da7725d30dd9b9693f1689f7a85eab8dea734442", size = 221047, upload-time = "2026-07-31T11:31:00.757Z" },
    { url = "https://files.pythonhosted.org/packages/90/84/bd6d67d6bc65f0de0cb50de55dab42f256a9876a351c4736522eb168fda0/websockets-17.0.1-cp314-cp314t-manylinux_2_31_riscv64.manylinux_2_39_riscv64.whl", hash = "sha256:884af729b8ab50486acd94d9768c2b60914bf39b579ebba0a5cb73bfdfd61fd2", size = 218626, upload-time = "2026-07-31T11:31:02.48Z" },
    { url = "https://files.pythonhosted.org/packages/96/cb/6a372c8553976f0d8f97f5115826ed47e34b3be6b8bf0d0249af249a7416/websockets-17.0.1-cp314-cp314t-musllinux_1_2_aarch64.whl", hash = "sha256:a60fa1a25cca1bcc2bf87b8d6be37a741f0a3239fb5e9cfb7a37173b68ffcf87", size = 221299, upload-time = "2026-07-31T11:31:03.795Z" },
    { url = "https://files.pythonhosted.org/packages/bc/31/f966e8472337974f74d788b3ef6c6f3b8b9a5f201efd16a843c91d269fa5/websockets-17.0.1-cp314-cp314t-musllinux_1_2_armv7l.whl", hash = "sha256:e8208f2729cba030ff872a92064c97584eeb9502f53d32a05a0f05d5a17ca6c6", size = 219789, upload-time = "2026-07-31T11:31:05.08Z" },
    { url = "https://files.pythonhosted.org/packages/57/34/404e83a6cc7b0efcac810b7041bffd72ff76900e6fd0aa45a26c92fb2ffe/websockets-17.0.1-cp314-cp314t-musllinux_1_2_i686.whl", hash = "sha256:54cdcaa56f5d3eafd57058f0fa4a3de93a310b43a3c4699f06efc4c0bd054a5a", size = 220678, upload-time = "2026-07-31T11:31:06.635Z" },
    { url = "https://files.pythonhosted.org/packages/e5/70/8946188c2a68d67251859b589a3634918cf7867bf0b891347a5ecaa43d30/websockets-17.0.1-cp314-cp314t-musllinux_1_2_ppc64le.whl", hash = "sha256:4d41c0a1d47a478bc432b3b9068097bee1ce0c5b19327ea6f75c2ab34ab1f2fb", size = 221697, upload-time = "2026-07-31T11:31:08.023Z" },
    { url = "https://files.pythonhosted.org/packages/04/16/ee73fc2083a2938ac6209f4ec804960496835b20a0068dbcfe8424957c04/websockets-17.0.1-cp314-cp314t-musllinux_1_2_riscv64.whl", hash = "sha256:f991247276797d0c61ab7770bc9791eadc16f683b4d83517f624932adc1a8bab", size = 219390, upload-time = "2026-07-31T11:31:09.378Z" },
    { url = "https://files.pythonhosted.org/packages/94/6a/d5f88033c69932af6cdaa72da62516ade47c257e3bf69f4c0ba5f40e12a2/websockets-17.0.1-cp314-cp314t-musllinux_1_2_s390x.whl", hash = "sha256:733e3cc7171fa1b899edbe725ef9382d0e960657dc1fd933f3281ae910c01dab", size = 220161, upload-time = "2026-07-31T11:31:10.915Z" },
    { url = "https://files.pythonhosted.org/packages/e1/2e/6183dd2c0370287ecf4afe0bb33aca364208e5e7b0e1a286adcaecc0c78b/websockets-17.0.1-cp314-cp314t-musllinux_1_2_x86_64.whl", hash = "sha256:810cb3fb5fa6e447216f4e82d9a85cb8aed0929ae3538153ddfe8a6e3121a58d", size = 220591, upload-time = "2026-07-31T11:31:12.289Z" },
    { url = "https://files.pythonhosted.org/packages/26/93/70f6516d85b9744f7eac224c4b1b9ef4e84133f80b53be02080cb1c3e663/websockets-17.0.1-cp314-cp314t-win32.whl", hash = "sha256:17ac37716c0244e82c9e384c41653c090b1864c6610224ca3857e7f7b58fce10", size = 212755, upload-time = "2026-07-31T11:31:13.883Z" },
    { url = "https://files.pythonhosted.org/packages/f1/2c/9d9c1da5a7ea9af307b386d25f64d1dead4729644198d2b92e36db5dfd41/websockets-17.0.1-cp314-cp314t-win_amd64.whl", hash = "sha256:bb31f42ea095ea826463c770829aa188a86c9a5c976b1467cbbf583c811de833", size = 213094, upload-time = "2026-07-31T11:31:15.367Z" },
    { url = "https://files.pythonhosted.org/packages/5b/24/a585e7573e128070605d003b5544729bcd58d9756c7e99d550818ca4b916/websockets-17.0.1-cp314-cp314t-win_arm64.whl", hash = "sha256:dbfae8e75b342e31fc6fd1a8bbb393b7cbb91d6cfd581650300a94381e7b7e2b", size = 213009, upload-time = "2026-07-31T11:31:16.776Z" },
    { url = "https://files.pythonhosted.org/packages/09/ce/3929538b2b9918f5eee623fbf3346893973191f6df93f19bbda097bd7bb7/websockets-17.0.1-py3-none-any.whl", hash = "sha256:c6be9cba65c65cc76dfa3d4619e359ff02a4476c74e179b215236c11a0b32345", size = 206718, upload-time = "2026-07-31T11:31:26.037Z" },
]
